// !$*UTF8*$!
{
	archiveVersion = 1;
	classes = {
	};
	objectVersion = 50;
	objects = {

/* Begin PBXBuildFile section */
		9D79B5FD259D66C000B936AE /* AppDelegate.swift in Sources */ = {isa = PBXBuildFile; fileRef = 9D79B5FC259D66C000B936AE /* AppDelegate.swift */; };
		9D79B5FF259D66C000B936AE /* SceneDelegate.swift in Sources */ = {isa = PBXBuildFile; fileRef = 9D79B5FE259D66C000B936AE /* SceneDelegate.swift */; };
		9D79B601259D66C000B936AE /* ViewController.swift in Sources */ = {isa = PBXBuildFile; fileRef = 9D79B600259D66C000B936AE /* ViewController.swift */; };
		9D79B604259D66C000B936AE /* Main.storyboard in Resources */ = {isa = PBXBuildFile; fileRef = 9D79B602259D66C000B936AE /* Main.storyboard */; };
		9D79B606259D66C100B936AE /* Assets.xcassets in Resources */ = {isa = PBXBuildFile; fileRef = 9D79B605259D66C100B936AE /* Assets.xcassets */; };
		9D79B609259D66C100B936AE /* LaunchScreen.storyboard in Resources */ = {isa = PBXBuildFile; fileRef = 9D79B607259D66C100B936AE /* LaunchScreen.storyboard */; };
		9D79B614259D66C100B936AE /* thridDemosTests.swift in Sources */ = {isa = PBXBuildFile; fileRef = 9D79B613259D66C100B936AE /* thridDemosTests.swift */; };
		9D79B61F259D66C100B936AE /* thridDemosUITests.swift in Sources */ = {isa = PBXBuildFile; fileRef = 9D79B61E259D66C100B936AE /* thridDemosUITests.swift */; };
/* End PBXBuildFile section */

/* Begin PBXContainerItemProxy section */
		9D79B610259D66C100B936AE /* PBXContainerItemProxy */ = {
			isa = PBXContainerItemProxy;
			containerPortal = 9D79B5F1259D66C000B936AE /* Project object */;
			proxyType = 1;
			remoteGlobalIDString = 9D79B5F8259D66C000B936AE;
			remoteInfo = thridDemos;
		};
		9D79B61B259D66C100B936AE /* PBXContainerItemProxy */ = {
			isa = PBXContainerItemProxy;
			containerPortal = 9D79B5F1259D66C000B936AE /* Project object */;
			proxyType = 1;
			remoteGlobalIDString = 9D79B5F8259D66C000B936AE;
			remoteInfo = thridDemos;
		};
/* End PBXContainerItemProxy section */

/* Begin PBXFileReference section */
		9D79B5F9259D66C000B936AE /* thridDemos.app */ = {isa = PBXFileReference; explicitFileType = wrapper.application; includeInIndex = 0; path = thridDemos.app; sourceTree = BUILT_PRODUCTS_DIR; };
		9D79B5FC259D66C000B936AE /* AppDelegate.swift */ = {isa = PBXFileReference; lastKnownFileType = sourcecode.swift; path = AppDelegate.swift; sourceTree = "<group>"; };
		9D79B5FE259D66C000B936AE /* SceneDelegate.swift */ = {isa = PBXFileReference; lastKnownFileType = sourcecode.swift; path = SceneDelegate.swift; sourceTree = "<group>"; };
		9D79B600259D66C000B936AE /* ViewController.swift */ = {isa = PBXFileReference; lastKnownFileType = sourcecode.swift; path = ViewController.swift; sourceTree = "<group>"; };
		9D79B603259D66C000B936AE /* Base */ = {isa = PBXFileReference; lastKnownFileType = file.storyboard; name = Base; path = Base.lproj/Main.storyboard; sourceTree = "<group>"; };
		9D79B605259D66C100B936AE /* Assets.xcassets */ = {isa = PBXFileReference; lastKnownFileType = folder.assetcatalog; path = Assets.xcassets; sourceTree = "<group>"; };
		9D79B608259D66C100B936AE /* Base */ = {isa = PBXFileReference; lastKnownFileType = file.storyboard; name = Base; path = Base.lproj/LaunchScreen.storyboard; sourceTree = "<group>"; };
		9D79B60A259D66C100B936AE /* Info.plist */ = {isa = PBXFileReference; lastKnownFileType = text.plist.xml; path = Info.plist; sourceTree = "<group>"; };
		9D79B60F259D66C100B936AE /* thridDemosTests.xctest */ = {isa = PBXFileReference; explicitFileType = wrapper.cfbundle; includeInIndex = 0; path = thridDemosTests.xctest; sourceTree = BUILT_PRODUCTS_DIR; };
		9D79B613259D66C100B936AE /* thridDemosTests.swift */ = {isa = PBXFileReference; lastKnownFileType = sourcecode.swift; path = thridDemosTests.swift; sourceTree = "<group>"; };
		9D79B615259D66C100B936AE /* Info.plist */ = {isa = PBXFileReference; lastKnownFileType = text.plist.xml; path = Info.plist; sourceTree = "<group>"; };
		9D79B61A259D66C100B936AE /* thridDemosUITests.xctest */ = {isa = PBXFileReference; explicitFileType = wrapper.cfbundle; includeInIndex = 0; path = thridDemosUITests.xctest; sourceTree = BUILT_PRODUCTS_DIR; };
		9D79B61E259D66C100B936AE /* thridDemosUITests.swift */ = {isa = PBXFileReference; lastKnownFileType = sourcecode.swift; path = thridDemosUITests.swift; sourceTree = "<group>"; };
		9D79B620259D66C100B936AE /* Info.plist */ = {isa = PBXFileReference; lastKnownFileType = text.plist.xml; path = Info.plist; sourceTree = "<group>"; };
/* End PBXFileReference section */

/* Begin PBXFrameworksBuildPhase section */
		9D79B5F6259D66C000B936AE /* Frameworks */ = {
			isa = PBXFrameworksBuildPhase;
			buildActionMask = 2147483647;
			files = (
			);
			runOnlyForDeploymentPostprocessing = 0;
		};
		9D79B60C259D66C100B936AE /* Frameworks */ = {
			isa = PBXFrameworksBuildPhase;
			buildActionMask = 2147483647;
			files = (
			);
			runOnlyForDeploymentPostprocessing = 0;
		};
		9D79B617259D66C100B936AE /* Frameworks */ = {
			isa = PBXFrameworksBuildPhase;
			buildActionMask = 2147483647;
			files = (
			);
			runOnlyForDeploymentPostprocessing = 0;
		};
/* End PBXFrameworksBuildPhase section */

/* Begin PBXGroup section */
		9D79B5F0259D66C000B936AE = {
			isa = PBXGroup;
			children = (
				9D79B5FB259D66C000B936AE /* thridDemos */,
				9D79B612259D66C100B936AE /* thridDemosTests */,
				9D79B61D259D66C100B936AE /* thridDemosUITests */,
				9D79B5FA259D66C000B936AE /* Products */,
			);
			sourceTree = "<group>";
		};
		9D79B5FA259D66C000B936AE /* Products */ = {
			isa = PBXGroup;
			children = (
				9D79B5F9259D66C000B936AE /* thridDemos.app */,
				9D79B60F259D66C100B936AE /* thridDemosTests.xctest */,
				9D79B61A259D66C100B936AE /* thridDemosUITests.xctest */,
			);
			name = Products;
			sourceTree = "<group>";
		};
		9D79B5FB259D66C000B936AE /* thridDemos */ = {
			isa = PBXGroup;
			children = (
				9D79B5FC259D66C000B936AE /* AppDelegate.swift */,
				9D79B5FE259D66C000B936AE /* SceneDelegate.swift */,
				9D79B600259D66C000B936AE /* ViewController.swift */,
				9D79B602259D66C000B936AE /* Main.storyboard */,
				9D79B605259D66C100B936AE /* Assets.xcassets */,
				9D79B607259D66C100B936AE /* LaunchScreen.storyboard */,
				9D79B60A259D66C100B936AE /* Info.plist */,
			);
			path = thridDemos;
			sourceTree = "<group>";
		};
		9D79B612259D66C100B936AE /* thridDemosTests */ = {
			isa = PBXGroup;
			children = (
				9D79B613259D66C100B936AE /* thridDemosTests.swift */,
				9D79B615259D66C100B936AE /* Info.plist */,
			);
			path = thridDemosTests;
			sourceTree = "<group>";
		};
		9D79B61D259D66C100B936AE /* thridDemosUITests */ = {
			isa = PBXGroup;
			children = (
				9D79B61E259D66C100B936AE /* thridDemosUITests.swift */,
				9D79B620259D66C100B936AE /* Info.plist */,
			);
			path = thridDemosUITests;
			sourceTree = "<group>";
		};
/* End PBXGroup section */

/* Begin PBXNativeTarget section */
		9D79B5F8259D66C000B936AE /* thridDemos */ = {
			isa = PBXNativeTarget;
			buildConfigurationList = 9D79B623259D66C100B936AE /* Build configuration list for PBXNativeTarget "thridDemos" */;
			buildPhases = (
				9D79B5F5259D66C000B936AE /* Sources */,
				9D79B5F6259D66C000B936AE /* Frameworks */,
				9D79B5F7259D66C000B936AE /* Resources */,
			);
			buildRules = (
			);
			dependencies = (
			);
			name = thridDemos;
			productName = thridDemos;
			productReference = 9D79B5F9259D66C000B936AE /* thridDemos.app */;
			productType = "com.apple.product-type.application";
		};
		9D79B60E259D66C100B936AE /* thridDemosTests */ = {
			isa = PBXNativeTarget;
			buildConfigurationList = 9D79B626259D66C100B936AE /* Build configuration list for PBXNativeTarget "thridDemosTests" */;
			buildPhases = (
				9D79B60B259D66C100B936AE /* Sources */,
				9D79B60C259D66C100B936AE /* Frameworks */,
				9D79B60D259D66C100B936AE /* Resources */,
			);
			buildRules = (
			);
			dependencies = (
				9D79B611259D66C100B936AE /* PBXTargetDependency */,
			);
			name = thridDemosTests;
			productName = thridDemosTests;
			productReference = 9D79B60F259D66C100B936AE /* thridDemosTests.xctest */;
			productType = "com.apple.product-type.bundle.unit-test";
		};
		9D79B619259D66C100B936AE /* thridDemosUITests */ = {
			isa = PBXNativeTarget;
			buildConfigurationList = 9D79B629259D66C100B936AE /* Build configuration list for PBXNativeTarget "thridDemosUITests" */;
			buildPhases = (
				9D79B616259D66C100B936AE /* Sources */,
				9D79B617259D66C100B936AE /* Frameworks */,
				9D79B618259D66C100B936AE /* Resources */,
			);
			buildRules = (
			);
			dependencies = (
				9D79B61C259D66C100B936AE /* PBXTargetDependency */,
			);
			name = thridDemosUITests;
			productName = thridDemosUITests;
			productReference = 9D79B61A259D66C100B936AE /* thridDemosUITests.xctest */;
			productType = "com.apple.product-type.bundle.ui-testing";
		};
/* End PBXNativeTarget section */

/* Begin PBXProject section */
		9D79B5F1259D66C000B936AE /* Project object */ = {
			isa = PBXProject;
			attributes = {
				LastSwiftUpdateCheck = 1220;
				LastUpgradeCheck = 1220;
				TargetAttributes = {
					9D79B5F8259D66C000B936AE = {
						CreatedOnToolsVersion = 12.2;
					};
					9D79B60E259D66C100B936AE = {
						CreatedOnToolsVersion = 12.2;
						TestTargetID = 9D79B5F8259D66C000B936AE;
					};
					9D79B619259D66C100B936AE = {
						CreatedOnToolsVersion = 12.2;
						TestTargetID = 9D79B5F8259D66C000B936AE;
					};
				};
			};
			buildConfigurationList = 9D79B5F4259D66C000B936AE /* Build configuration list for PBXProject "thridDemos" */;
			compatibilityVersion = "Xcode 9.3";
			developmentRegion = en;
			hasScannedForEncodings = 0;
			knownRegions = (
				en,
				Base,
			);
			mainGroup = 9D79B5F0259D66C000B936AE;
			productRefGroup = 9D79B5FA259D66C000B936AE /* Products */;
			projectDirPath = "";
			projectRoot = "";
			targets = (
				9D79B5F8259D66C000B936AE /* thridDemos */,
				9D79B60E259D66C100B936AE /* thridDemosTests */,
				9D79B619259D66C100B936AE /* thridDemosUITests */,
			);
		};
/* End PBXProject section */

/* Begin PBXResourcesBuildPhase section */
		9D79B5F7259D66C000B936AE /* Resources */ = {
			isa = PBXResourcesBuildPhase;
			buildActionMask = 2147483647;
			files = (
				9D79B609259D66C100B936AE /* LaunchScreen.storyboard in Resources */,
				9D79B606259D66C100B936AE /* Assets.xcassets in Resources */,
				9D79B604259D66C000B936AE /* Main.storyboard in Resources */,
			);
			runOnlyForDeploymentPostprocessing = 0;
		};
		9D79B60D259D66C100B936AE /* Resources */ = {
			isa = PBXResourcesBuildPhase;
			buildActionMask = 2147483647;
			files = (
			);
			runOnlyForDeploymentPostprocessing = 0;
		};
		9D79B618259D66C100B936AE /* Resources */ = {
			isa = PBXResourcesBuildPhase;
			buildActionMask = 2147483647;
			files = (
			);
			runOnlyForDeploymentPostprocessing = 0;
		};
/* End PBXResourcesBuildPhase section */

/* Begin PBXSourcesBuildPhase section */
		9D79B5F5259D66C000B936AE /* Sources */ = {
			isa = PBXSourcesBuildPhase;
			buildActionMask = 2147483647;
			files = (
				9D79B601259D66C000B936AE /* ViewController.swift in Sources */,
				9D79B5FD259D66C000B936AE /* AppDelegate.swift in Sources */,
				9D79B5FF259D66C000B936AE /* SceneDelegate.swift in Sources */,
			);
			runOnlyForDeploymentPostprocessing = 0;
		};
		9D79B60B259D66C100B936AE /* Sources */ = {
			isa = PBXSourcesBuildPhase;
			buildActionMask = 2147483647;
			files = (
				9D79B614259D66C100B936AE /* thridDemosTests.swift in Sources */,
			);
			runOnlyForDeploymentPostprocessing = 0;
		};
		9D79B616259D66C100B936AE /* Sources */ = {
			isa = PBXSourcesBuildPhase;
			buildActionMask = 2147483647;
			files = (
				9D79B61F259D66C100B936AE /* thridDemosUITests.swift in Sources */,
			);
			runOnlyForDeploymentPostprocessing = 0;
		};
/* End PBXSourcesBuildPhase section */

/* Begin PBXTargetDependency section */
		9D79B611259D66C100B936AE /* PBXTargetDependency */ = {
			isa = PBXTargetDependency;
			target = 9D79B5F8259D66C000B936AE /* thridDemos */;
			targetProxy = 9D79B610259D66C100B936AE /* PBXContainerItemProxy */;
		};
		9D79B61C259D66C100B936AE /* PBXTargetDependency */ = {
			isa = PBXTargetDependency;
			target = 9D79B5F8259D66C000B936AE /* thridDemos */;
			targetProxy = 9D79B61B259D66C100B936AE /* PBXContainerItemProxy */;
		};
/* End PBXTargetDependency section */

/* Begin PBXVariantGroup section */
		9D79B602259D66C000B936AE /* Main.storyboard */ = {
			isa = PBXVariantGroup;
			children = (
				9D79B603259D66C000B936AE /* Base */,
			);
			name = Main.storyboard;
			sourceTree = "<group>";
		};
		9D79B607259D66C100B936AE /* LaunchScreen.storyboard */ = {
			isa = PBXVariantGroup;
			children = (
				9D79B608259D66C100B936AE /* Base */,
			);
			name = LaunchScreen.storyboard;
			sourceTree = "<group>";
		};
/* End PBXVariantGroup section */

/* Begin XCBuildConfiguration section */
		9D79B621259D66C100B936AE /* Debug */ = {
			isa = XCBuildConfiguration;
			buildSettings = {
				ALWAYS_SEARCH_USER_PATHS = NO;
				CLANG_ANALYZER_NONNULL = YES;
				CLANG_ANALYZER_NUMBER_OBJECT_CONVERSION = YES_AGGRESSIVE;
				CLANG_CXX_LANGUAGE_STANDARD = "gnu++14";
				CLANG_CXX_LIBRARY = "libc++";
				CLANG_ENABLE_MODULES = YES;
				CLANG_ENABLE_OBJC_ARC = YES;
				CLANG_ENABLE_OBJC_WEAK = YES;
				CLANG_WARN_BLOCK_CAPTURE_AUTORELEASING = YES;
				CLANG_WARN_BOOL_CONVERSION = YES;
				CLANG_WARN_COMMA = YES;
				CLANG_WARN_CONSTANT_CONVERSION = YES;
				CLANG_WARN_DEPRECATED_OBJC_IMPLEMENTATIONS = YES;
				CLANG_WARN_DIRECT_OBJC_ISA_USAGE = YES_ERROR;
				CLANG_WARN_DOCUMENTATION_COMMENTS = YES;
				CLANG_WARN_EMPTY_BODY = YES;
				CLANG_WARN_ENUM_CONVERSION = YES;
				CLANG_WARN_INFINITE_RECURSION = YES;
				CLANG_WARN_INT_CONVERSION = YES;
				CLANG_WARN_NON_LITERAL_NULL_CONVERSION = YES;
				CLANG_WARN_OBJC_IMPLICIT_RETAIN_SELF = YES;
				CLANG_WARN_OBJC_LITERAL_CONVERSION = YES;
				CLANG_WARN_OBJC_ROOT_CLASS = YES_ERROR;
				CLANG_WARN_QUOTED_INCLUDE_IN_FRAMEWORK_HEADER = YES;
				CLANG_WARN_RANGE_LOOP_ANALYSIS = YES;
				CLANG_WARN_STRICT_PROTOTYPES = YES;
				CLANG_WARN_SUSPICIOUS_MOVE = YES;
				CLANG_WARN_UNGUARDED_AVAILABILITY = YES_AGGRESSIVE;
				CLANG_WARN_UNREACHABLE_CODE = YES;
				CLANG_WARN__DUPLICATE_METHOD_MATCH = YES;
				COPY_PHASE_STRIP = NO;
				DEBUG_INFORMATION_FORMAT = dwarf;
				ENABLE_STRICT_OBJC_MSGSEND = YES;
				ENABLE_TESTABILITY = YES;
				GCC_C_LANGUAGE_STANDARD = gnu11;
				GCC_DYNAMIC_NO_PIC = NO;
				GCC_NO_COMMON_BLOCKS = YES;
				GCC_OPTIMIZATION_LEVEL = 0;
				GCC_PREPROCESSOR_DEFINITIONS = (
					"DEBUG=1",
					"$(inherited)",
				);
				GCC_WARN_64_TO_32_BIT_CONVERSION = YES;
				GCC_WARN_ABOUT_RETURN_TYPE = YES_ERROR;
				GCC_WARN_UNDECLARED_SELECTOR = YES;
				GCC_WARN_UNINITIALIZED_AUTOS = YES_AGGRESSIVE;
				GCC_WARN_UNUSED_FUNCTION = YES;
				GCC_WARN_UNUSED_VARIABLE = YES;
				IPHONEOS_DEPLOYMENT_TARGET = 14.2;
				MTL_ENABLE_DEBUG_INFO = INCLUDE_SOURCE;
				MTL_FAST_MATH = YES;
				ONLY_ACTIVE_ARCH = YES;
				SDKROOT = iphoneos;
				SWIFT_ACTIVE_COMPILATION_CONDITIONS = DEBUG;
				SWIFT_OPTIMIZATION_LEVEL = "-Onone";
			};
			name = Debug;
		};
		9D79B622259D66C100B936AE /* Release */ = {
			isa = XCBuildConfiguration;
			buildSettings = {
				ALWAYS_SEARCH_USER_PATHS = NO;
				CLANG_ANALYZER_NONNULL = YES;
				CLANG_ANALYZER_NUMBER_OBJECT_CONVERSION = YES_AGGRESSIVE;
				CLANG_CXX_LANGUAGE_STANDARD = "gnu++14";
				CLANG_CXX_LIBRARY = "libc++";
				CLANG_ENABLE_MODULES = YES;
				CLANG_ENABLE_OBJC_ARC = YES;
				CLANG_ENABLE_OBJC_WEAK = YES;
				CLANG_WARN_BLOCK_CAPTURE_AUTORELEASING = YES;
				CLANG_WARN_BOOL_CONVERSION = YES;
				CLANG_WARN_COMMA = YES;
				CLANG_WARN_CONSTANT_CONVERSION = YES;
				CLANG_WARN_DEPRECATED_OBJC_IMPLEMENTATIONS = YES;
				CLANG_WARN_DIRECT_OBJC_ISA_USAGE = YES_ERROR;
				CLANG_WARN_DOCUMENTATION_COMMENTS = YES;
				CLANG_WARN_EMPTY_BODY = YES;
				CLANG_WARN_ENUM_CONVERSION = YES;
				CLANG_WARN_INFINITE_RECURSION = YES;
				CLANG_WARN_INT_CONVERSION = YES;
				CLANG_WARN_NON_LITERAL_NULL_CONVERSION = YES;
				CLANG_WARN_OBJC_IMPLICIT_RETAIN_SELF = YES;
				CLANG_WARN_OBJC_LITERAL_CONVERSION = YES;
				CLANG_WARN_OBJC_ROOT_CLASS = YES_ERROR;
				CLANG_WARN_QUOTED_INCLUDE_IN_FRAMEWORK_HEADER = YES;
				CLANG_WARN_RANGE_LOOP_ANALYSIS = YES;
				CLANG_WARN_STRICT_PROTOTYPES = YES;
				CLANG_WARN_SUSPICIOUS_MOVE = YES;
				CLANG_WARN_UNGUARDED_AVAILABILITY = YES_AGGRESSIVE;
				CLANG_WARN_UNREACHABLE_CODE = YES;
				CLANG_WARN__DUPLICATE_METHOD_MATCH = YES;
				COPY_PHASE_STRIP = NO;
				DEBUG_INFORMATION_FORMAT = "dwarf-with-dsym";
				ENABLE_NS_ASSERTIONS = NO;
				ENABLE_STRICT_OBJC_MSGSEND = YES;
				GCC_C_LANGUAGE_STANDARD = gnu11;
				GCC_NO_COMMON_BLOCKS = YES;
				GCC_WARN_64_TO_32_BIT_CONVERSION = YES;
				GCC_WARN_ABOUT_RETURN_TYPE = YES_ERROR;
				GCC_WARN_UNDECLARED_SELECTOR = YES;
				GCC_WARN_UNINITIALIZED_AUTOS = YES_AGGRESSIVE;
				GCC_WARN_UNUSED_FUNCTION = YES;
				GCC_WARN_UNUSED_VARIABLE = YES;
				IPHONEOS_DEPLOYMENT_TARGET = 14.2;
				MTL_ENABLE_DEBUG_INFO = NO;
				MTL_FAST_MATH = YES;
				SDKROOT = iphoneos;
				SWIFT_COMPILATION_MODE = wholemodule;
				SWIFT_OPTIMIZATION_LEVEL = "-O";
				VALIDATE_PRODUCT = YES;
			};
			name = Release;
		};
		9D79B624259D66C100B936AE /* Debug */ = {
			isa = XCBuildConfiguration;
			buildSettings = {
				ASSETCATALOG_COMPILER_APPICON_NAME = AppIcon;
				ASSETCATALOG_COMPILER_GLOBAL_ACCENT_COLOR_NAME = AccentColor;
				CODE_SIGN_STYLE = Automatic;
				DEVELOPMENT_TEAM = YFGDLMX399;
				INFOPLIST_FILE = thridDemos/Info.plist;
				LD_RUNPATH_SEARCH_PATHS = (
					"$(inherited)",
					"@executable_path/Frameworks",
				);
				PRODUCT_BUNDLE_IDENTIFIER = com.wlx.thridDemos;
				PRODUCT_NAME = "$(TARGET_NAME)";
				SWIFT_VERSION = 5.0;
				TARGETED_DEVICE_FAMILY = "1,2";
			};
			name = Debug;
		};
		9D79B625259D66C100B936AE /* Release */ = {
			isa = XCBuildConfiguration;
			buildSettings = {
				ASSETCATALOG_COMPILER_APPICON_NAME = AppIcon;
				ASSETCATALOG_COMPILER_GLOBAL_ACCENT_COLOR_NAME = AccentColor;
				CODE_SIGN_STYLE = Automatic;
				DEVELOPMENT_TEAM = YFGDLMX399;
				INFOPLIST_FILE = thridDemos/Info.plist;
				LD_RUNPATH_SEARCH_PATHS = (
					"$(inherited)",
					"@executable_path/Frameworks",
				);
				PRODUCT_BUNDLE_IDENTIFIER = com.wlx.thridDemos;
				PRODUCT_NAME = "$(TARGET_NAME)";
				SWIFT_VERSION = 5.0;
				TARGETED_DEVICE_FAMILY = "1,2";
			};
			name = Release;
		};
		9D79B627259D66C100B936AE /* Debug */ = {
			isa = XCBuildConfiguration;
			buildSettings = {
				ALWAYS_EMBED_SWIFT_STANDARD_LIBRARIES = YES;
				BUNDLE_LOADER = "$(TEST_HOST)";
				CODE_SIGN_STYLE = Automatic;
				DEVELOPMENT_TEAM = YFGDLMX399;
				INFOPLIST_FILE = thridDemosTests/Info.plist;
				IPHONEOS_DEPLOYMENT_TARGET = 14.2;
				LD_RUNPATH_SEARCH_PATHS = (
					"$(inherited)",
					"@executable_path/Frameworks",
					"@loader_path/Frameworks",
				);
				PRODUCT_BUNDLE_IDENTIFIER = com.wlx.thridDemosTests;
				PRODUCT_NAME = "$(TARGET_NAME)";
				SWIFT_VERSION = 5.0;
				TARGETED_DEVICE_FAMILY = "1,2";
				TEST_HOST = "$(BUILT_PRODUCTS_DIR)/thridDemos.app/thridDemos";
			};
			name = Debug;
		};
		9D79B628259D66C100B936AE /* Release */ = {
			isa = XCBuildConfiguration;
			buildSettings = {
				ALWAYS_EMBED_SWIFT_STANDARD_LIBRARIES = YES;
				BUNDLE_LOADER = "$(TEST_HOST)";
				CODE_SIGN_STYLE = Automatic;
				DEVELOPMENT_TEAM = YFGDLMX399;
				INFOPLIST_FILE = thridDemosTests/Info.plist;
				IPHONEOS_DEPLOYMENT_TARGET = 14.2;
				LD_RUNPATH_SEARCH_PATHS = (
					"$(inherited)",
					"@executable_path/Frameworks",
					"@loader_path/Frameworks",
				);
				PRODUCT_BUNDLE_IDENTIFIER = com.wlx.thridDemosTests;
				PRODUCT_NAME = "$(TARGET_NAME)";
				SWIFT_VERSION = 5.0;
				TARGETED_DEVICE_FAMILY = "1,2";
				TEST_HOST = "$(BUILT_PRODUCTS_DIR)/thridDemos.app/thridDemos";
			};
			name = Release;
		};
		9D79B62A259D66C100B936AE /* Debug */ = {
			isa = XCBuildConfiguration;
			buildSettings = {
				ALWAYS_EMBED_SWIFT_STANDARD_LIBRARIES = YES;
				CODE_SIGN_STYLE = Automatic;
				DEVELOPMENT_TEAM = YFGDLMX399;
				INFOPLIST_FILE = thridDemosUITests/Info.plist;
				LD_RUNPATH_SEARCH_PATHS = (
					"$(inherited)",
					"@executable_path/Frameworks",
					"@loader_path/Frameworks",
				);
				PRODUCT_BUNDLE_IDENTIFIER = com.wlx.thridDemosUITests;
				PRODUCT_NAME = "$(TARGET_NAME)";
				SWIFT_VERSION = 5.0;
				TARGETED_DEVICE_FAMILY = "1,2";
				TEST_TARGET_NAME = thridDemos;
			};
			name = Debug;
		};
		9D79B62B259D66C100B936AE /* Release */ = {
			isa = XCBuildConfiguration;
			buildSettings = {
				ALWAYS_EMBED_SWIFT_STANDARD_LIBRARIES = YES;
				CODE_SIGN_STYLE = Automatic;
				DEVELOPMENT_TEAM = YFGDLMX399;
				INFOPLIST_FILE = thridDemosUITests/Info.plist;
				LD_RUNPATH_SEARCH_PATHS = (
					"$(inherited)",
					"@executable_path/Frameworks",
					"@loader_path/Frameworks",
				);
				PRODUCT_BUNDLE_IDENTIFIER = com.wlx.thridDemosUITests;
				PRODUCT_NAME = "$(TARGET_NAME)";
				SWIFT_VERSION = 5.0;
				TARGETED_DEVICE_FAMILY = "1,2";
				TEST_TARGET_NAME = thridDemos;
			};
			name = Release;
		};
/* End XCBuildConfiguration section */

/* Begin XCConfigurationList section */
		9D79B5F4259D66C000B936AE /* Build configuration list for PBXProject "thridDemos" */ = {
			isa = XCConfigurationList;
			buildConfigurations = (
				9D79B621259D66C100B936AE /* Debug */,
				9D79B622259D66C100B936AE /* Release */,
			);
			defaultConfigurationIsVisible = 0;
			defaultConfigurationName = Release;
		};
		9D79B623259D66C100B936AE /* Build configuration list for PBXNativeTarget "thridDemos" */ = {
			isa = XCConfigurationList;
			buildConfigurations = (
				9D79B624259D66C100B936AE /* Debug */,
				9D79B625259D66C100B936AE /* Release */,
			);
			defaultConfigurationIsVisible = 0;
			defaultConfigurationName = Release;
		};
		9D79B626259D66C100B936AE /* Build configuration list for PBXNativeTarget "thridDemosTests" */ = {
			isa = XCConfigurationList;
			buildConfigurations = (
				9D79B627259D66C100B936AE /* Debug */,
				9D79B628259D66C100B936AE /* Release */,
			);
			defaultConfigurationIsVisible = 0;
			defaultConfigurationName = Release;
		};
		9D79B629259D66C100B936AE /* Build configuration list for PBXNativeTarget "thridDemosUITests" */ = {
			isa = XCConfigurationList;
			buildConfigurations = (
				9D79B62A259D66C100B936AE /* Debug */,
				9D79B62B259D66C100B936AE /* Release */,
			);
			defaultConfigurationIsVisible = 0;
			defaultConfigurationName = Release;
		};
/* End XCConfigurationList section */
	};
	rootObject = 9D79B5F1259D66C000B936AE /* Project object */;
}
